{
    "_meta": {
        "hash": {
            "sha256": "6f7fbb9a4cd5eb5a3d39121c0d6934eea9c9091315755121303498bb108f130f"
        },
        "pipfile-spec": 6,
        "requires": {},
        "sources": [
            {
                "name": "pypi",
                "url": "https://pypi.python.org/simple",
                "verify_ssl": true
            }
        ]
    },
    "default": {
        "android-backup": {
            "hashes": [
                "sha256:864b6a9f8e2dda7a3af3726df7439052d35781c5f7d50dd771d709293d158b97"
            ],
            "version": "==0.2.0"
        },
        "appdirs": {
            "hashes": [
                "sha256:7d5d0167b2b1ba821647616af46a749d1c653740dd0d2415100fe26e27afdf41",
                "sha256:a841dacd6b99318a741b166adb07e19ee71a274450e68237b4650ca1055ab128"
            ],
            "version": "==1.4.4"
        },
        "attrs": {
            "hashes": [
                "sha256:31b2eced602aa8423c2aea9c76a724617ed67cf9513173fd3a4f03e3a929c7e6",
                "sha256:832aa3cde19744e49938b91fea06d69ecb9e649c93ba974535d08ad92164f700"
            ],
            "version": "==20.3.0"
        },
        "bottle": {
            "hashes": [
                "sha256:39b751aee0b167be8dffb63ca81b735bbf1dd0905b3bc42761efedee8f123355"
            ],
            "index": "pypi",
            "version": "==0.12.13"
        },
        "certifi": {
            "hashes": [
                "sha256:1a4995114262bffbc2413b159f2a1a480c969de6e6eb13ee966d470af86af59c",
                "sha256:719a74fb9e33b9bd44cc7f3a8d94bc35e4049deebe19ba7d8e108280cfd59830"
            ],
            "version": "==2020.12.5"
        },
        "cffi": {
            "hashes": [
                "sha256:0c9ef6ff37e974b73c25eecc13952c55bceed9112be2d9d938ded8e856138bcc",
                "sha256:131fd094d1065b19540c3d72594260f118b231090295d8c34e19a7bbcf2e860a",
                "sha256:1b8ebc27c014c59692bb2664c7d13ce7a6e9a629be20e54e7271fa696ff2b417",
                "sha256:2c56b361916f390cd758a57f2e16233eb4f64bcbeee88a4881ea90fca14dc6ab",
                "sha256:2d92b25dbf6cae33f65005baf472d2c245c050b1ce709cc4588cdcdd5495b520",
                "sha256:31d13b0f99e0836b7ff893d37af07366ebc90b678b6664c955b54561fc36ef36",
                "sha256:32c68ef735dbe5857c810328cb2481e24722a59a2003018885514d4c09af9743",
                "sha256:3686dffb02459559c74dd3d81748269ffb0eb027c39a6fc99502de37d501faa8",
                "sha256:582215a0e9adbe0e379761260553ba11c58943e4bbe9c36430c4ca6ac74b15ed",
                "sha256:5b50bf3f55561dac5438f8e70bfcdfd74543fd60df5fa5f62d94e5867deca684",
                "sha256:5bf44d66cdf9e893637896c7faa22298baebcd18d1ddb6d2626a6e39793a1d56",
                "sha256:6602bc8dc6f3a9e02b6c22c4fc1e47aa50f8f8e6d3f78a5e16ac33ef5fefa324",
                "sha256:673739cb539f8cdaa07d92d02efa93c9ccf87e345b9a0b556e3ecc666718468d",
                "sha256:68678abf380b42ce21a5f2abde8efee05c114c2fdb2e9eef2efdb0257fba1235",
                "sha256:68e7c44931cc171c54ccb702482e9fc723192e88d25a0e133edd7aff8fcd1f6e",
                "sha256:6b3d6606d369fc1da4fd8c357d026317fbb9c9b75d36dc16e90e84c26854b088",
                "sha256:748dcd1e3d3d7cd5443ef03ce8685043294ad6bd7c02a38d1bd367cfd968e000",
                "sha256:7651c50c8c5ef7bdb41108b7b8c5a83013bfaa8a935590c5d74627c047a583c7",
                "sha256:7b78010e7b97fef4bee1e896df8a4bbb6712b7f05b7ef630f9d1da00f6444d2e",
                "sha256:7e61e3e4fa664a8588aa25c883eab612a188c725755afff6289454d6362b9673",
                "sha256:80876338e19c951fdfed6198e70bc88f1c9758b94578d5a7c4c91a87af3cf31c",
                "sha256:8895613bcc094d4a1b2dbe179d88d7fb4a15cee43c052e8885783fac397d91fe",
                "sha256:88e2b3c14bdb32e440be531ade29d3c50a1a59cd4e51b1dd8b0865c54ea5d2e2",
                "sha256:8f8e709127c6c77446a8c0a8c8bf3c8ee706a06cd44b1e827c3e6a2ee6b8c098",
                "sha256:9cb4a35b3642fc5c005a6755a5d17c6c8b6bcb6981baf81cea8bfbc8903e8ba8",
                "sha256:9f90389693731ff1f659e55c7d1640e2ec43ff725cc61b04b2f9c6d8d017df6a",
                "sha256:a09582f178759ee8128d9270cd1344154fd473bb77d94ce0aeb2a93ebf0feaf0",
                "sha256:a6a14b17d7e17fa0d207ac08642c8820f84f25ce17a442fd15e27ea18d67c59b",
                "sha256:a72e8961a86d19bdb45851d8f1f08b041ea37d2bd8d4fd19903bc3083d80c896",
                "sha256:abd808f9c129ba2beda4cfc53bde801e5bcf9d6e0f22f095e45327c038bfe68e",
                "sha256:ac0f5edd2360eea2f1daa9e26a41db02dd4b0451b48f7c318e217ee092a213e9",
                "sha256:b29ebffcf550f9da55bec9e02ad430c992a87e5f512cd63388abb76f1036d8d2",
                "sha256:b2ca4e77f9f47c55c194982e10f058db063937845bb2b7a86c84a6cfe0aefa8b",
                "sha256:b7be2d771cdba2942e13215c4e340bfd76398e9227ad10402a8767ab1865d2e6",
                "sha256:b84834d0cf97e7d27dd5b7f3aca7b6e9263c56308ab9dc8aae9784abb774d404",
                "sha256:b86851a328eedc692acf81fb05444bdf1891747c25af7529e39ddafaf68a4f3f",
                "sha256:bcb3ef43e58665bbda2fb198698fcae6776483e0c4a631aa5647806c25e02cc0",
                "sha256:c0f31130ebc2d37cdd8e44605fb5fa7ad59049298b3f745c74fa74c62fbfcfc4",
                "sha256:c6a164aa47843fb1b01e941d385aab7215563bb8816d80ff3a363a9f8448a8dc",
                "sha256:d8a9d3ebe49f084ad71f9269834ceccbf398253c9fac910c4fd7053ff1386936",
                "sha256:db8e577c19c0fda0beb7e0d4e09e0ba74b1e4c092e0e40bfa12fe05b6f6d75ba",
                "sha256:dc9b18bf40cc75f66f40a7379f6a9513244fe33c0e8aa72e2d56b0196a7ef872",
                "sha256:e09f3ff613345df5e8c3667da1d918f9149bd623cd9070c983c013792a9a62eb",
                "sha256:e4108df7fe9b707191e55f33efbcb2d81928e10cea45527879a4749cbe472614",
                "sha256:e6024675e67af929088fda399b2094574609396b1decb609c55fa58b028a32a1",
                "sha256:e70f54f1796669ef691ca07d046cd81a29cb4deb1e5f942003f401c0c4a2695d",
                "sha256:e715596e683d2ce000574bae5d07bd522c781a822866c20495e52520564f0969",
                "sha256:e760191dd42581e023a68b758769e2da259b5d52e3103c6060ddc02c9edb8d7b",
                "sha256:ed86a35631f7bfbb28e108dd96773b9d5a6ce4811cf6ea468bb6a359b256b1e4",
                "sha256:ee07e47c12890ef248766a6e55bd38ebfb2bb8edd4142d56db91b21ea68b7627",
                "sha256:fa3a0128b152627161ce47201262d3140edb5a5c3da88d73a1b790a959126956",
                "sha256:fcc8eb6d5902bb1cf6dc4f187ee3ea80a1eba0a89aba40a5cb20a5087d961357"
            ],
            "markers": "platform_python_implementation != 'PyPy'",
            "version": "==1.16.0"
        },
        "chardet": {
            "hashes": [
                "sha256:84ab92ed1c4d4f16916e05906b6b75a6c0fb5db821cc65e70cbd64a3e2a5eaae",
                "sha256:fc323ffcaeaed0e0a02bf4d117757b98aed530d9ed4531e3e15460124c106691"
            ],
            "version": "==3.0.4"
        },
        "click": {
            "hashes": [
                "sha256:d2b5255c7c6349bc1bd1e59e08cd12acbbd63ce649f2588755783aa94dfb6b1a",
                "sha256:dacca89f4bfadd5de3d7489b7c8a566eee0d3676333fbb50030263894c38c0dc"
            ],
            "version": "==7.1.2"
        },
        "construct": {
            "hashes": [
                "sha256:9c3f4273e8978b7a5ef17b1a54e8858fb11d0f1e50f3d51d399cce3efc434bf1"
            ],
            "version": "==2.9.31"
        },
        "cryptography": {
            "hashes": [
                "sha256:0a68bfcf57a6887818307600c3c0ebc3f62fbb6ccad2240aa21887cda1f8df1b",
                "sha256:146e971e92a6dd042214b537a726c9750496128453146ab0ee8971a0299dc9bd",
                "sha256:14e4b909373bc5bf1095311fa0f7fcabf2d1a160ca13f1e9e467be1ac4cbdf94",
                "sha256:206aaf42e031b93f86ad60f9f5d9da1b09164f25488238ac1dc488334eb5e221",
                "sha256:3005166a39b70c8b94455fdbe78d87a444da31ff70de3331cdec2c568cf25b7e",
                "sha256:324721d93b998cb7367f1e6897370644751e5580ff9b370c0a50dc60a2003513",
                "sha256:33588310b5c886dfb87dba5f013b8d27df7ffd31dc753775342a1e5ab139e59d",
                "sha256:35cf6ed4c38f054478a9df14f03c1169bb14bd98f0b1705751079b25e1cb58bc",
                "sha256:3ca482ea80626048975360c8e62be3ceb0f11803180b73163acd24bf014133a0",
                "sha256:56ce0c106d5c3fec1038c3cca3d55ac320a5be1b44bf15116732d0bc716979a2",
                "sha256:5a217bca51f3b91971400890905a9323ad805838ca3fa1e202a01844f485ee87",
                "sha256:678cfa0d1e72ef41d48993a7be75a76b0725d29b820ff3cfd606a5b2b33fda01",
                "sha256:69fd009a325cad6fbfd5b04c711a4da563c6c4854fc4c9544bff3088387c77c0",
                "sha256:6cf9b76d6e93c62114bd19485e5cb003115c134cf9ce91f8ac924c44f8c8c3f4",
                "sha256:74f18a4c8ca04134d2052a140322002fef535c99cdbc2a6afc18a8024d5c9d5b",
                "sha256:85f759ed59ffd1d0baad296e72780aa62ff8a71f94dc1ab340386a1207d0ea81",
                "sha256:87086eae86a700307b544625e3ba11cc600c3c0ef8ab97b0fda0705d6db3d4e3",
                "sha256:8814722cffcfd1fbd91edd9f3451b88a8f26a5fd41b28c1c9193949d1c689dc4",
                "sha256:8fedec73d590fd30c4e3f0d0f4bc961aeca8390c72f3eaa1a0874d180e868ddf",
                "sha256:9515ea7f596c8092fdc9902627e51b23a75daa2c7815ed5aa8cf4f07469212ec",
                "sha256:988b738f56c665366b1e4bfd9045c3efae89ee366ca3839cd5af53eaa1401bce",
                "sha256:a2a8d873667e4fd2f34aedab02ba500b824692c6542e017075a2efc38f60a4c0",
                "sha256:bd7cf7a8d9f34cc67220f1195884151426ce616fdc8285df9054bfa10135925f",
                "sha256:bdce70e562c69bb089523e75ef1d9625b7417c6297a76ac27b1b8b1eb51b7d0f",
                "sha256:be14b31eb3a293fc6e6aa2807c8a3224c71426f7c4e3639ccf1a2f3ffd6df8c3",
                "sha256:be41b0c7366e5549265adf2145135dca107718fa44b6e418dc7499cfff6b4689",
                "sha256:c310767268d88803b653fffe6d6f2f17bb9d49ffceb8d70aed50ad45ea49ab08",
                "sha256:c58115384bdcfe9c7f644c72f10f6f42bed7cf59f7b52fe1bf7ae0a622b3a139",
                "sha256:c640b0ef54138fde761ec99a6c7dc4ce05e80420262c20fa239e694ca371d434",
                "sha256:ca20550bb590db16223eb9ccc5852335b48b8f597e2f6f0878bbfd9e7314eb17",
                "sha256:d97aae66b7de41cdf5b12087b5509e4e9805ed6f562406dfcf60e8481a9a28f8",
                "sha256:e9326ca78111e4c645f7e49cbce4ed2f3f85e17b61a563328c85a5208cf34440"
            ],
            "index": "pypi",
            "markers": "python_version >= '3.7'",
            "version": "==42.0.0"
        },
        "gtts": {
            "hashes": [
                "sha256:63edbd7babebc60ba328fd6a798961f9ec757852b0e947d064b4b958116e4516"
            ],
            "index": "pypi",
            "version": "==1.2.2"
        },
        "gtts-token": {
            "hashes": [
                "sha256:e1c022453fe599655444f5c47c423448d3e38c582d3e6e6328641d582ae0a1bf"
            ],
            "version": "==1.1.4"
        },
        "idna": {
            "hashes": [
                "sha256:2c6a5de3089009e3da7c5dde64a141dbc8551d5b7f6cf4ed7c2568d0cc520a8f",
                "sha256:8c7309c718f94b3a625cb648ace320157ad16ff131ae0af362c9f21b80ef6ec4"
            ],
            "version": "==2.6"
        },
        "ifaddr": {
            "hashes": [
                "sha256:1f9e8a6ca6f16db5a37d3356f07b6e52344f6f9f7e806d618537731669eb1a94",
                "sha256:d1f603952f0a71c9ab4e705754511e4e03b02565bc4cec7188ad6415ff534cd3"
            ],
            "version": "==0.1.7"
        },
        "pretty-cron": {
            "hashes": [
                "sha256:15e04eee529f8380eb68e733384401218889351af1ad9ddacd1879afa5c86c98",
                "sha256:aa8fe8839afa6c57846c8536eec1e162a1dd0f792f8eed2b6e3321aa40a394b9"
            ],
            "version": "==1.2.0"
        },
        "prompt-toolkit": {
            "hashes": [
                "sha256:1df952620eccb399c53ebb359cc7d9a8d3a9538cb34c5a1344bdbeb29fbcc381",
                "sha256:3f473ae040ddaa52b52f97f6b4a493cfa9f5920c255a12dc56a7d34397a398a4",
                "sha256:858588f1983ca497f1cf4ffde01d978a3ea02b01c8a26a8bbc5cd2e66d816917"
            ],
            "index": "pypi",
            "version": "==1.0.15"
        },
        "pycparser": {
            "hashes": [
                "sha256:8ee45429555515e1f6b185e78100aea234072576aa43ab53aefcae078162fca9",
                "sha256:e644fdec12f7872f86c58ff790da456218b10f863970249516d60a5eaca77206"
            ],
            "version": "==2.21"
        },
        "python-miio": {
            "hashes": [
                "sha256:4d954013f1bf36801c09943a7713452ec6d4b44a0b1b00e125a66b9f76a2121a",
                "sha256:bf010a98659a96f1a6179d61657724dcc36f7666aa14aa67dc6a2c86a1b409a5"
            ],
            "index": "pypi",
            "version": "==0.3.7"
        },
        "pytz": {
            "hashes": [
                "sha256:83a4a90894bf38e243cf052c8b58f381bfe9a7a483f6a9cab140bc7f702ac4da",
                "sha256:eb10ce3e7736052ed3623d49975ce333bcd712c7bb19a58b9e2089d4057d0798"
            ],
            "version": "==2021.1"
        },
        "requests": {
            "hashes": [
                "sha256:6a1b267aa90cac58ac3a765d067950e7dbbf75b1da07e895d1f594193a40a38b",
                "sha256:9c443e7324ba5b85070c4a818ade28bfabedf16ea10206da1132edaa6dda237e"
            ],
            "index": "pypi",
            "version": "==2.18.4"
        },
        "six": {
            "hashes": [
                "sha256:30639c035cdb23534cd4aa2dd52c3bf48f06e5f4a941509c8bafd8ce11080259",
                "sha256:8b74bedcbbbaca38ff6d7491d76f2b06b3592611af620f8426e82dddb04a5ced"
            ],
            "version": "==1.15.0"
        },
        "urllib3": {
            "hashes": [
                "sha256:06330f386d6e4b195fbfc736b297f58c5a892e4440e54d294d7004e3a9bbea1b",
                "sha256:cc44da8e1145637334317feebd728bd869a35285b93cbb4cca2577da7e62db4f"
            ],
            "version": "==1.22"
        },
        "wcwidth": {
            "hashes": [
                "sha256:beb4802a9cebb9144e99086eff703a642a13d6a0052920003a230f3294bbe784",
                "sha256:c4d647b99872929fdb7bdcaa4fbe7f01413ed3d98077df798530e5b04f116c83"
            ],
            "version": "==0.2.5"
        },
        "zeroconf": {
            "hashes": [
                "sha256:3608be2db58f6f0dc70665e02ab420fb8bf428016f2c78403d879e066ecc9bff",
                "sha256:4be24a10aa9c73406f48d42a8b3b077c217b0e8d7ed1e57639630da520c25959"
            ],
            "version": "==0.28.8"
        }
    },
    "develop": {}
}
